
Microsoft Visual Studio Solution File, Format Version 12.00
# Visual Studio Version 17
VisualStudioVersion = 17.7.34202.233
MinimumVisualStudioVersion = 10.0.40219.1
Project("{9A19103F-16F7-4668-BE54-9A1E7A4F7556}") = "We.Ping.Domain", "src\We.Ping.Domain\We.Ping.Domain.csproj", "{554AD327-6DBA-4F8F-96F8-81CE7A0C863F}"
EndProject
Project("{9A19103F-16F7-4668-BE54-9A1E7A4F7556}") = "We.Ping.Girpe.TestBase", "modules\We.Ping.Girpe\test\We.Ping.Girpe.TestBase\We.Ping.Girpe.TestBase.csproj", "{67024327-35DE-4AE1-9C79-03E93CFC807B}"
EndProject
Project("{9A19103F-16F7-4668-BE54-9A1E7A4F7556}") = "We.Ping.Girpe.HttpApi.Client.ConsoleTestApp", "modules\We.Ping.Girpe\test\We.Ping.Girpe.HttpApi.Client.ConsoleTestApp\We.Ping.Girpe.HttpApi.Client.ConsoleTestApp.csproj", "{80918CFC-6A5D-427C-B269-03D6391A1F2C}"
EndProject
Project("{9A19103F-16F7-4668-BE54-9A1E7A4F7556}") = "We.Ping.Girpe.EntityFrameworkCore.Tests", "modules\We.Ping.Girpe\test\We.Ping.Girpe.EntityFrameworkCore.Tests\We.Ping.Girpe.EntityFrameworkCore.Tests.csproj", "{8C0E568F-CDB2-4FB8-AEB5-4065253EE3EC}"
EndProject
Project("{9A19103F-16F7-4668-BE54-9A1E7A4F7556}") = "We.Ping.Girpe.Domain.Tests", "modules\We.Ping.Girpe\test\We.Ping.Girpe.Domain.Tests\We.Ping.Girpe.Domain.Tests.csproj", "{09251293-5E49-420E-BB4F-E7303CBC275D}"
EndProject
Project("{9A19103F-16F7-4668-BE54-9A1E7A4F7556}") = "We.Ping.Girpe.Application.Tests", "modules\We.Ping.Girpe\test\We.Ping.Girpe.Application.Tests\We.Ping.Girpe.Application.Tests.csproj", "{810A04A8-3F02-442D-AD55-5065970B346E}"
EndProject
Project("{9A19103F-16F7-4668-BE54-9A1E7A4F7556}") = "We.Ping.Girpe.Installer", "modules\We.Ping.Girpe\src\We.Ping.Girpe.Installer\We.Ping.Girpe.Installer.csproj", "{BDEBEC13-7A85-4876-ABDF-8E67CE2891AC}"
EndProject
Project("{9A19103F-16F7-4668-BE54-9A1E7A4F7556}") = "We.Ping.Girpe.HttpApi.Client", "modules\We.Ping.Girpe\src\We.Ping.Girpe.HttpApi.Client\We.Ping.Girpe.HttpApi.Client.csproj", "{D9AA01E7-73B1-4029-950B-CF582357F387}"
EndProject
Project("{9A19103F-16F7-4668-BE54-9A1E7A4F7556}") = "We.Ping.Girpe.HttpApi", "modules\We.Ping.Girpe\src\We.Ping.Girpe.HttpApi\We.Ping.Girpe.HttpApi.csproj", "{211B4983-2877-4D2D-8078-1B0985833CE0}"
EndProject
Project("{9A19103F-16F7-4668-BE54-9A1E7A4F7556}") = "We.Ping.Girpe.EntityFrameworkCore", "modules\We.Ping.Girpe\src\We.Ping.Girpe.EntityFrameworkCore\We.Ping.Girpe.EntityFrameworkCore.csproj", "{76DD9772-725A-4F34-B019-64898081E3E0}"
EndProject
Project("{9A19103F-16F7-4668-BE54-9A1E7A4F7556}") = "We.Ping.Girpe.Domain.Shared", "modules\We.Ping.Girpe\src\We.Ping.Girpe.Domain.Shared\We.Ping.Girpe.Domain.Shared.csproj", "{49EAED60-51F2-414F-B3F9-06646EB62A64}"
EndProject
Project("{9A19103F-16F7-4668-BE54-9A1E7A4F7556}") = "We.Ping.Girpe.Domain", "modules\We.Ping.Girpe\src\We.Ping.Girpe.Domain\We.Ping.Girpe.Domain.csproj", "{EAC76134-E3D9-4D5C-95AF-601B206386FE}"
EndProject
Project("{9A19103F-16F7-4668-BE54-9A1E7A4F7556}") = "We.Ping.Girpe.Blazor.Server", "modules\We.Ping.Girpe\src\We.Ping.Girpe.Blazor.Server\We.Ping.Girpe.Blazor.Server.csproj", "{185BAD01-1E74-4FB3-937C-58D29A6AA94A}"
EndProject
Project("{9A19103F-16F7-4668-BE54-9A1E7A4F7556}") = "We.Ping.Girpe.Blazor", "modules\We.Ping.Girpe\src\We.Ping.Girpe.Blazor\We.Ping.Girpe.Blazor.csproj", "{D0D5812B-FA0F-4C43-9542-C5FD5366EC52}"
EndProject
Project("{9A19103F-16F7-4668-BE54-9A1E7A4F7556}") = "We.Ping.Girpe.Application.Contracts", "modules\We.Ping.Girpe\src\We.Ping.Girpe.Application.Contracts\We.Ping.Girpe.Application.Contracts.csproj", "{69DB3605-4C59-4247-B79A-E2A46A0FD3E5}"
EndProject
Project("{9A19103F-16F7-4668-BE54-9A1E7A4F7556}") = "We.Ping.Girpe.Application", "modules\We.Ping.Girpe\src\We.Ping.Girpe.Application\We.Ping.Girpe.Application.csproj", "{DD515780-6266-4F3F-B4E5-612B0F50D8DF}"
EndProject
Project("{2150E333-8FDC-42A3-9474-1A3956D46DE8}") = "We.Ping.Girpe.Tests", "We.Ping.Girpe.Tests", "{E366D288-D98E-4DB1-952D-44F55CF7FD58}"
EndProject
Project("{2150E333-8FDC-42A3-9474-1A3956D46DE8}") = "We.Ping.Girpe", "We.Ping.Girpe", "{EB85199C-6D23-40E7-B516-BCB75ADCBFD8}"
EndProject
Project("{9A19103F-16F7-4668-BE54-9A1E7A4F7556}") = "We.Ping.Smart.TestBase", "modules\We.Ping.Smart\test\We.Ping.Smart.TestBase\We.Ping.Smart.TestBase.csproj", "{0E4F077F-AA11-427C-920F-A0F5A114CC87}"
EndProject
Project("{9A19103F-16F7-4668-BE54-9A1E7A4F7556}") = "We.Ping.Smart.HttpApi.Client.ConsoleTestApp", "modules\We.Ping.Smart\test\We.Ping.Smart.HttpApi.Client.ConsoleTestApp\We.Ping.Smart.HttpApi.Client.ConsoleTestApp.csproj", "{590B40EF-838D-4D17-AE75-81248EC30F16}"
EndProject
Project("{9A19103F-16F7-4668-BE54-9A1E7A4F7556}") = "We.Ping.Smart.EntityFrameworkCore.Tests", "modules\We.Ping.Smart\test\We.Ping.Smart.EntityFrameworkCore.Tests\We.Ping.Smart.EntityFrameworkCore.Tests.csproj", "{CA896CDE-D6C9-4EF3-B96C-1BDA2DA3CE2E}"
EndProject
Project("{9A19103F-16F7-4668-BE54-9A1E7A4F7556}") = "We.Ping.Smart.Domain.Tests", "modules\We.Ping.Smart\test\We.Ping.Smart.Domain.Tests\We.Ping.Smart.Domain.Tests.csproj", "{09AFD53D-A539-4318-A403-7BBBFD7D748D}"
EndProject
Project("{9A19103F-16F7-4668-BE54-9A1E7A4F7556}") = "We.Ping.Smart.Application.Tests", "modules\We.Ping.Smart\test\We.Ping.Smart.Application.Tests\We.Ping.Smart.Application.Tests.csproj", "{35D5F8F7-DA9A-4E0C-96DC-DF87171C1A14}"
EndProject
Project("{9A19103F-16F7-4668-BE54-9A1E7A4F7556}") = "We.Ping.Smart.Installer", "modules\We.Ping.Smart\src\We.Ping.Smart.Installer\We.Ping.Smart.Installer.csproj", "{1B8152DF-D226-4990-AB69-659FB0310F51}"
EndProject
Project("{9A19103F-16F7-4668-BE54-9A1E7A4F7556}") = "We.Ping.Smart.HttpApi.Client", "modules\We.Ping.Smart\src\We.Ping.Smart.HttpApi.Client\We.Ping.Smart.HttpApi.Client.csproj", "{4FF27BB8-24F5-4931-80F9-280F17AA388E}"
EndProject
Project("{9A19103F-16F7-4668-BE54-9A1E7A4F7556}") = "We.Ping.Smart.HttpApi", "modules\We.Ping.Smart\src\We.Ping.Smart.HttpApi\We.Ping.Smart.HttpApi.csproj", "{CA5FAD06-D868-409E-BF5E-D22AAD622070}"
EndProject
Project("{9A19103F-16F7-4668-BE54-9A1E7A4F7556}") = "We.Ping.Smart.EntityFrameworkCore", "modules\We.Ping.Smart\src\We.Ping.Smart.EntityFrameworkCore\We.Ping.Smart.EntityFrameworkCore.csproj", "{34B3FD63-0A70-4D62-87C3-9AF613B2B066}"
EndProject
Project("{9A19103F-16F7-4668-BE54-9A1E7A4F7556}") = "We.Ping.Smart.Domain.Shared", "modules\We.Ping.Smart\src\We.Ping.Smart.Domain.Shared\We.Ping.Smart.Domain.Shared.csproj", "{39CB2420-0A5E-40DD-8A64-FC9D1C3AA62D}"
EndProject
Project("{9A19103F-16F7-4668-BE54-9A1E7A4F7556}") = "We.Ping.Smart.Domain", "modules\We.Ping.Smart\src\We.Ping.Smart.Domain\We.Ping.Smart.Domain.csproj", "{2A40FF51-A2D7-45E2-8F40-DD4553C015E9}"
EndProject
Project("{9A19103F-16F7-4668-BE54-9A1E7A4F7556}") = "We.Ping.Smart.Blazor.Server", "modules\We.Ping.Smart\src\We.Ping.Smart.Blazor.Server\We.Ping.Smart.Blazor.Server.csproj", "{47E9F298-0691-4D29-96E1-302753BA5469}"
EndProject
Project("{9A19103F-16F7-4668-BE54-9A1E7A4F7556}") = "We.Ping.Smart.Blazor", "modules\We.Ping.Smart\src\We.Ping.Smart.Blazor\We.Ping.Smart.Blazor.csproj", "{948CD64E-44DD-41FD-BD09-06F6CDB3D4F2}"
EndProject
Project("{9A19103F-16F7-4668-BE54-9A1E7A4F7556}") = "We.Ping.Smart.Application.Contracts", "modules\We.Ping.Smart\src\We.Ping.Smart.Application.Contracts\We.Ping.Smart.Application.Contracts.csproj", "{971241A0-ECB1-4053-A1F8-999916E13841}"
EndProject
Project("{9A19103F-16F7-4668-BE54-9A1E7A4F7556}") = "We.Ping.Smart.Application", "modules\We.Ping.Smart\src\We.Ping.Smart.Application\We.Ping.Smart.Application.csproj", "{A1BEE16F-955E-427B-823A-E55990DD251F}"
EndProject
Project("{2150E333-8FDC-42A3-9474-1A3956D46DE8}") = "We.Ping.Smart.Tests", "We.Ping.Smart.Tests", "{B9444400-DA6C-4B7D-AFE6-A58F73FEEB3B}"
EndProject
Project("{2150E333-8FDC-42A3-9474-1A3956D46DE8}") = "We.Ping.Smart", "We.Ping.Smart", "{1871F5F6-B508-4B48-A85C-8A59BA2A7CC5}"
EndProject
Project("{2150E333-8FDC-42A3-9474-1A3956D46DE8}") = "modules", "modules", "{285E98F3-20E4-49B3-B3B7-66B1F6B1E961}"
EndProject
Project("{9A19103F-16F7-4668-BE54-9A1E7A4F7556}") = "We.Ping.Application", "src\We.Ping.Application\We.Ping.Application.csproj", "{1A94A50E-06DC-43C1-80B5-B662820EC3EB}"
EndProject
Project("{9A19103F-16F7-4668-BE54-9A1E7A4F7556}") = "We.Ping.EntityFrameworkCore", "src\We.Ping.EntityFrameworkCore\We.Ping.EntityFrameworkCore.csproj", "{C956DD76-69C8-4A9C-83EA-D17DF83340FD}"
EndProject
Project("{2150E333-8FDC-42A3-9474-1A3956D46DE8}") = "src", "src", "{CA9AC87F-097E-4F15-8393-4BC07735A5B0}"
EndProject
Project("{2150E333-8FDC-42A3-9474-1A3956D46DE8}") = "test", "test", "{04DBDB01-70F4-4E06-B468-8F87850B22BE}"
EndProject
Project("{9A19103F-16F7-4668-BE54-9A1E7A4F7556}") = "We.Ping.Application.Tests", "test\We.Ping.Application.Tests\We.Ping.Application.Tests.csproj", "{50B2631D-129C-47B3-A587-029CCD6099BC}"
EndProject
Project("{9A19103F-16F7-4668-BE54-9A1E7A4F7556}") = "We.Ping.Domain.Shared", "src\We.Ping.Domain.Shared\We.Ping.Domain.Shared.csproj", "{42F719ED-8413-4895-B5B4-5AB56079BC66}"
EndProject
Project("{9A19103F-16F7-4668-BE54-9A1E7A4F7556}") = "We.Ping.Application.Contracts", "src\We.Ping.Application.Contracts\We.Ping.Application.Contracts.csproj", "{520659C8-C734-4298-A3DA-B539DB9DFC0B}"
EndProject
Project("{9A19103F-16F7-4668-BE54-9A1E7A4F7556}") = "We.Ping.HttpApi", "src\We.Ping.HttpApi\We.Ping.HttpApi.csproj", "{4164BDF7-F527-4E85-9CE6-E3C2D7426A27}"
EndProject
Project("{9A19103F-16F7-4668-BE54-9A1E7A4F7556}") = "We.Ping.HttpApi.Client", "src\We.Ping.HttpApi.Client\We.Ping.HttpApi.Client.csproj", "{3B5A0094-670D-4BB1-BFDD-61B88A8773DC}"
EndProject
Project("{9A19103F-16F7-4668-BE54-9A1E7A4F7556}") = "We.Ping.EntityFrameworkCore.Tests", "test\We.Ping.EntityFrameworkCore.Tests\We.Ping.EntityFrameworkCore.Tests.csproj", "{1FE30EB9-74A9-47F5-A9F6-7B1FAB672D81}"
EndProject
Project("{9A19103F-16F7-4668-BE54-9A1E7A4F7556}") = "We.Ping.TestBase", "test\We.Ping.TestBase\We.Ping.TestBase.csproj", "{91853F21-9CD9-4132-BC29-A7D5D84FFFE7}"
EndProject
Project("{9A19103F-16F7-4668-BE54-9A1E7A4F7556}") = "We.Ping.Domain.Tests", "test\We.Ping.Domain.Tests\We.Ping.Domain.Tests.csproj", "{E512F4D9-9375-480F-A2F6-A46509F9D824}"
EndProject
Project("{9A19103F-16F7-4668-BE54-9A1E7A4F7556}") = "We.Ping.HttpApi.Client.ConsoleTestApp", "test\We.Ping.HttpApi.Client.ConsoleTestApp\We.Ping.HttpApi.Client.ConsoleTestApp.csproj", "{EF480016-9127-4916-8735-D2466BDBC582}"
EndProject
Project("{9A19103F-16F7-4668-BE54-9A1E7A4F7556}") = "We.Ping.DbMigrator", "src\We.Ping.DbMigrator\We.Ping.DbMigrator.csproj", "{AA94D832-1CCC-4715-95A9-A483F23A1A5D}"
EndProject
Project("{9A19103F-16F7-4668-BE54-9A1E7A4F7556}") = "We.Ping.Blazor", "src\We.Ping.Blazor\We.Ping.Blazor.csproj", "{16F0BF4E-7D73-4278-8D9A-7CDE37105C6B}"
EndProject
Project("{2150E333-8FDC-42A3-9474-1A3956D46DE8}") = "_files", "_files", "{06650CF3-2B15-4450-8BFA-5EA1CC8D5FA2}"
	ProjectSection(SolutionItems) = preProject
		.gitattributes = .gitattributes
		.gitignore = .gitignore
		common.props = common.props
		Directory.Build.props = Directory.Build.props
		weping.yml = weping.yml
	EndProjectSection
EndProject
Project("{9A19103F-16F7-4668-BE54-9A1E7A4F7556}") = "We.Ping.Request", "modules\We.Ping.Request\We.Ping.Request.csproj", "{B8F1D507-A7CC-4576-BFB4-92925DCE79E6}"
EndProject
Project("{9A19103F-16F7-4668-BE54-9A1E7A4F7556}") = "We.Ping.Crypto", "modules\We.Ping.Crypto\We.Ping.Crypto.csproj", "{F22E8C56-EF8E-4FCA-883E-240E303DAE4A}"
EndProject
Global
	GlobalSection(SolutionConfigurationPlatforms) = preSolution
		Debug|Any CPU = Debug|Any CPU
		Release|Any CPU = Release|Any CPU
	EndGlobalSection
	GlobalSection(ProjectConfigurationPlatforms) = postSolution
		{554AD327-6DBA-4F8F-96F8-81CE7A0C863F}.Debug|Any CPU.ActiveCfg = Debug|Any CPU
		{554AD327-6DBA-4F8F-96F8-81CE7A0C863F}.Debug|Any CPU.Build.0 = Debug|Any CPU
		{554AD327-6DBA-4F8F-96F8-81CE7A0C863F}.Release|Any CPU.ActiveCfg = Release|Any CPU
		{554AD327-6DBA-4F8F-96F8-81CE7A0C863F}.Release|Any CPU.Build.0 = Release|Any CPU
		{67024327-35DE-4AE1-9C79-03E93CFC807B}.Debug|Any CPU.ActiveCfg = Debug|Any CPU
		{67024327-35DE-4AE1-9C79-03E93CFC807B}.Debug|Any CPU.Build.0 = Debug|Any CPU
		{67024327-35DE-4AE1-9C79-03E93CFC807B}.Release|Any CPU.ActiveCfg = Release|Any CPU
		{67024327-35DE-4AE1-9C79-03E93CFC807B}.Release|Any CPU.Build.0 = Release|Any CPU
		{80918CFC-6A5D-427C-B269-03D6391A1F2C}.Debug|Any CPU.ActiveCfg = Debug|Any CPU
		{80918CFC-6A5D-427C-B269-03D6391A1F2C}.Debug|Any CPU.Build.0 = Debug|Any CPU
		{80918CFC-6A5D-427C-B269-03D6391A1F2C}.Release|Any CPU.ActiveCfg = Release|Any CPU
		{80918CFC-6A5D-427C-B269-03D6391A1F2C}.Release|Any CPU.Build.0 = Release|Any CPU
		{8C0E568F-CDB2-4FB8-AEB5-4065253EE3EC}.Debug|Any CPU.ActiveCfg = Debug|Any CPU
		{8C0E568F-CDB2-4FB8-AEB5-4065253EE3EC}.Debug|Any CPU.Build.0 = Debug|Any CPU
		{8C0E568F-CDB2-4FB8-AEB5-4065253EE3EC}.Release|Any CPU.ActiveCfg = Release|Any CPU
		{8C0E568F-CDB2-4FB8-AEB5-4065253EE3EC}.Release|Any CPU.Build.0 = Release|Any CPU
		{09251293-5E49-420E-BB4F-E7303CBC275D}.Debug|Any CPU.ActiveCfg = Debug|Any CPU
		{09251293-5E49-420E-BB4F-E7303CBC275D}.Debug|Any CPU.Build.0 = Debug|Any CPU
		{09251293-5E49-420E-BB4F-E7303CBC275D}.Release|Any CPU.ActiveCfg = Release|Any CPU
		{09251293-5E49-420E-BB4F-E7303CBC275D}.Release|Any CPU.Build.0 = Release|Any CPU
		{810A04A8-3F02-442D-AD55-5065970B346E}.Debug|Any CPU.ActiveCfg = Debug|Any CPU
		{810A04A8-3F02-442D-AD55-5065970B346E}.Debug|Any CPU.Build.0 = Debug|Any CPU
		{810A04A8-3F02-442D-AD55-5065970B346E}.Release|Any CPU.ActiveCfg = Release|Any CPU
		{810A04A8-3F02-442D-AD55-5065970B346E}.Release|Any CPU.Build.0 = Release|Any CPU
		{BDEBEC13-7A85-4876-ABDF-8E67CE2891AC}.Debug|Any CPU.ActiveCfg = Debug|Any CPU
		{BDEBEC13-7A85-4876-ABDF-8E67CE2891AC}.Debug|Any CPU.Build.0 = Debug|Any CPU
		{BDEBEC13-7A85-4876-ABDF-8E67CE2891AC}.Release|Any CPU.ActiveCfg = Release|Any CPU
		{BDEBEC13-7A85-4876-ABDF-8E67CE2891AC}.Release|Any CPU.Build.0 = Release|Any CPU
		{D9AA01E7-73B1-4029-950B-CF582357F387}.Debug|Any CPU.ActiveCfg = Debug|Any CPU
		{D9AA01E7-73B1-4029-950B-CF582357F387}.Debug|Any CPU.Build.0 = Debug|Any CPU
		{D9AA01E7-73B1-4029-950B-CF582357F387}.Release|Any CPU.ActiveCfg = Release|Any CPU
		{D9AA01E7-73B1-4029-950B-CF582357F387}.Release|Any CPU.Build.0 = Release|Any CPU
		{211B4983-2877-4D2D-8078-1B0985833CE0}.Debug|Any CPU.ActiveCfg = Debug|Any CPU
		{211B4983-2877-4D2D-8078-1B0985833CE0}.Debug|Any CPU.Build.0 = Debug|Any CPU
		{211B4983-2877-4D2D-8078-1B0985833CE0}.Release|Any CPU.ActiveCfg = Release|Any CPU
		{211B4983-2877-4D2D-8078-1B0985833CE0}.Release|Any CPU.Build.0 = Release|Any CPU
		{76DD9772-725A-4F34-B019-64898081E3E0}.Debug|Any CPU.ActiveCfg = Debug|Any CPU
		{76DD9772-725A-4F34-B019-64898081E3E0}.Debug|Any CPU.Build.0 = Debug|Any CPU
		{76DD9772-725A-4F34-B019-64898081E3E0}.Release|Any CPU.ActiveCfg = Release|Any CPU
		{76DD9772-725A-4F34-B019-64898081E3E0}.Release|Any CPU.Build.0 = Release|Any CPU
		{49EAED60-51F2-414F-B3F9-06646EB62A64}.Debug|Any CPU.ActiveCfg = Debug|Any CPU
		{49EAED60-51F2-414F-B3F9-06646EB62A64}.Debug|Any CPU.Build.0 = Debug|Any CPU
		{49EAED60-51F2-414F-B3F9-06646EB62A64}.Release|Any CPU.ActiveCfg = Release|Any CPU
		{49EAED60-51F2-414F-B3F9-06646EB62A64}.Release|Any CPU.Build.0 = Release|Any CPU
		{EAC76134-E3D9-4D5C-95AF-601B206386FE}.Debug|Any CPU.ActiveCfg = Debug|Any CPU
		{EAC76134-E3D9-4D5C-95AF-601B206386FE}.Debug|Any CPU.Build.0 = Debug|Any CPU
		{EAC76134-E3D9-4D5C-95AF-601B206386FE}.Release|Any CPU.ActiveCfg = Release|Any CPU
		{EAC76134-E3D9-4D5C-95AF-601B206386FE}.Release|Any CPU.Build.0 = Release|Any CPU
		{185BAD01-1E74-4FB3-937C-58D29A6AA94A}.Debug|Any CPU.ActiveCfg = Debug|Any CPU
		{185BAD01-1E74-4FB3-937C-58D29A6AA94A}.Debug|Any CPU.Build.0 = Debug|Any CPU
		{185BAD01-1E74-4FB3-937C-58D29A6AA94A}.Release|Any CPU.ActiveCfg = Release|Any CPU
		{185BAD01-1E74-4FB3-937C-58D29A6AA94A}.Release|Any CPU.Build.0 = Release|Any CPU
		{D0D5812B-FA0F-4C43-9542-C5FD5366EC52}.Debug|Any CPU.ActiveCfg = Debug|Any CPU
		{D0D5812B-FA0F-4C43-9542-C5FD5366EC52}.Debug|Any CPU.Build.0 = Debug|Any CPU
		{D0D5812B-FA0F-4C43-9542-C5FD5366EC52}.Release|Any CPU.ActiveCfg = Release|Any CPU
		{D0D5812B-FA0F-4C43-9542-C5FD5366EC52}.Release|Any CPU.Build.0 = Release|Any CPU
		{69DB3605-4C59-4247-B79A-E2A46A0FD3E5}.Debug|Any CPU.ActiveCfg = Debug|Any CPU
		{69DB3605-4C59-4247-B79A-E2A46A0FD3E5}.Debug|Any CPU.Build.0 = Debug|Any CPU
		{69DB3605-4C59-4247-B79A-E2A46A0FD3E5}.Release|Any CPU.ActiveCfg = Release|Any CPU
		{69DB3605-4C59-4247-B79A-E2A46A0FD3E5}.Release|Any CPU.Build.0 = Release|Any CPU
		{DD515780-6266-4F3F-B4E5-612B0F50D8DF}.Debug|Any CPU.ActiveCfg = Debug|Any CPU
		{DD515780-6266-4F3F-B4E5-612B0F50D8DF}.Debug|Any CPU.Build.0 = Debug|Any CPU
		{DD515780-6266-4F3F-B4E5-612B0F50D8DF}.Release|Any CPU.ActiveCfg = Release|Any CPU
		{DD515780-6266-4F3F-B4E5-612B0F50D8DF}.Release|Any CPU.Build.0 = Release|Any CPU
		{0E4F077F-AA11-427C-920F-A0F5A114CC87}.Debug|Any CPU.ActiveCfg = Debug|Any CPU
		{0E4F077F-AA11-427C-920F-A0F5A114CC87}.Debug|Any CPU.Build.0 = Debug|Any CPU
		{0E4F077F-AA11-427C-920F-A0F5A114CC87}.Release|Any CPU.ActiveCfg = Release|Any CPU
		{0E4F077F-AA11-427C-920F-A0F5A114CC87}.Release|Any CPU.Build.0 = Release|Any CPU
		{590B40EF-838D-4D17-AE75-81248EC30F16}.Debug|Any CPU.ActiveCfg = Debug|Any CPU
		{590B40EF-838D-4D17-AE75-81248EC30F16}.Debug|Any CPU.Build.0 = Debug|Any CPU
		{590B40EF-838D-4D17-AE75-81248EC30F16}.Release|Any CPU.ActiveCfg = Release|Any CPU
		{590B40EF-838D-4D17-AE75-81248EC30F16}.Release|Any CPU.Build.0 = Release|Any CPU
		{CA896CDE-D6C9-4EF3-B96C-1BDA2DA3CE2E}.Debug|Any CPU.ActiveCfg = Debug|Any CPU
		{CA896CDE-D6C9-4EF3-B96C-1BDA2DA3CE2E}.Debug|Any CPU.Build.0 = Debug|Any CPU
		{CA896CDE-D6C9-4EF3-B96C-1BDA2DA3CE2E}.Release|Any CPU.ActiveCfg = Release|Any CPU
		{CA896CDE-D6C9-4EF3-B96C-1BDA2DA3CE2E}.Release|Any CPU.Build.0 = Release|Any CPU
		{09AFD53D-A539-4318-A403-7BBBFD7D748D}.Debug|Any CPU.ActiveCfg = Debug|Any CPU
		{09AFD53D-A539-4318-A403-7BBBFD7D748D}.Debug|Any CPU.Build.0 = Debug|Any CPU
		{09AFD53D-A539-4318-A403-7BBBFD7D748D}.Release|Any CPU.ActiveCfg = Release|Any CPU
		{09AFD53D-A539-4318-A403-7BBBFD7D748D}.Release|Any CPU.Build.0 = Release|Any CPU
		{35D5F8F7-DA9A-4E0C-96DC-DF87171C1A14}.Debug|Any CPU.ActiveCfg = Debug|Any CPU
		{35D5F8F7-DA9A-4E0C-96DC-DF87171C1A14}.Debug|Any CPU.Build.0 = Debug|Any CPU
		{35D5F8F7-DA9A-4E0C-96DC-DF87171C1A14}.Release|Any CPU.ActiveCfg = Release|Any CPU
		{35D5F8F7-DA9A-4E0C-96DC-DF87171C1A14}.Release|Any CPU.Build.0 = Release|Any CPU
		{1B8152DF-D226-4990-AB69-659FB0310F51}.Debug|Any CPU.ActiveCfg = Debug|Any CPU
		{1B8152DF-D226-4990-AB69-659FB0310F51}.Debug|Any CPU.Build.0 = Debug|Any CPU
		{1B8152DF-D226-4990-AB69-659FB0310F51}.Release|Any CPU.ActiveCfg = Release|Any CPU
		{1B8152DF-D226-4990-AB69-659FB0310F51}.Release|Any CPU.Build.0 = Release|Any CPU
		{4FF27BB8-24F5-4931-80F9-280F17AA388E}.Debug|Any CPU.ActiveCfg = Debug|Any CPU
		{4FF27BB8-24F5-4931-80F9-280F17AA388E}.Debug|Any CPU.Build.0 = Debug|Any CPU
		{4FF27BB8-24F5-4931-80F9-280F17AA388E}.Release|Any CPU.ActiveCfg = Release|Any CPU
		{4FF27BB8-24F5-4931-80F9-280F17AA388E}.Release|Any CPU.Build.0 = Release|Any CPU
		{CA5FAD06-D868-409E-BF5E-D22AAD622070}.Debug|Any CPU.ActiveCfg = Debug|Any CPU
		{CA5FAD06-D868-409E-BF5E-D22AAD622070}.Debug|Any CPU.Build.0 = Debug|Any CPU
		{CA5FAD06-D868-409E-BF5E-D22AAD622070}.Release|Any CPU.ActiveCfg = Release|Any CPU
		{CA5FAD06-D868-409E-BF5E-D22AAD622070}.Release|Any CPU.Build.0 = Release|Any CPU
		{34B3FD63-0A70-4D62-87C3-9AF613B2B066}.Debug|Any CPU.ActiveCfg = Debug|Any CPU
		{34B3FD63-0A70-4D62-87C3-9AF613B2B066}.Debug|Any CPU.Build.0 = Debug|Any CPU
		{34B3FD63-0A70-4D62-87C3-9AF613B2B066}.Release|Any CPU.ActiveCfg = Release|Any CPU
		{34B3FD63-0A70-4D62-87C3-9AF613B2B066}.Release|Any CPU.Build.0 = Release|Any CPU
		{39CB2420-0A5E-40DD-8A64-FC9D1C3AA62D}.Debug|Any CPU.ActiveCfg = Debug|Any CPU
		{39CB2420-0A5E-40DD-8A64-FC9D1C3AA62D}.Debug|Any CPU.Build.0 = Debug|Any CPU
		{39CB2420-0A5E-40DD-8A64-FC9D1C3AA62D}.Release|Any CPU.ActiveCfg = Release|Any CPU
		{39CB2420-0A5E-40DD-8A64-FC9D1C3AA62D}.Release|Any CPU.Build.0 = Release|Any CPU
		{2A40FF51-A2D7-45E2-8F40-DD4553C015E9}.Debug|Any CPU.ActiveCfg = Debug|Any CPU
		{2A40FF51-A2D7-45E2-8F40-DD4553C015E9}.Debug|Any CPU.Build.0 = Debug|Any CPU
		{2A40FF51-A2D7-45E2-8F40-DD4553C015E9}.Release|Any CPU.ActiveCfg = Release|Any CPU
		{2A40FF51-A2D7-45E2-8F40-DD4553C015E9}.Release|Any CPU.Build.0 = Release|Any CPU
		{47E9F298-0691-4D29-96E1-302753BA5469}.Debug|Any CPU.ActiveCfg = Debug|Any CPU
		{47E9F298-0691-4D29-96E1-302753BA5469}.Debug|Any CPU.Build.0 = Debug|Any CPU
		{47E9F298-0691-4D29-96E1-302753BA5469}.Release|Any CPU.ActiveCfg = Release|Any CPU
		{47E9F298-0691-4D29-96E1-302753BA5469}.Release|Any CPU.Build.0 = Release|Any CPU
		{948CD64E-44DD-41FD-BD09-06F6CDB3D4F2}.Debug|Any CPU.ActiveCfg = Debug|Any CPU
		{948CD64E-44DD-41FD-BD09-06F6CDB3D4F2}.Debug|Any CPU.Build.0 = Debug|Any CPU
		{948CD64E-44DD-41FD-BD09-06F6CDB3D4F2}.Release|Any CPU.ActiveCfg = Release|Any CPU
		{948CD64E-44DD-41FD-BD09-06F6CDB3D4F2}.Release|Any CPU.Build.0 = Release|Any CPU
		{971241A0-ECB1-4053-A1F8-999916E13841}.Debug|Any CPU.ActiveCfg = Debug|Any CPU
		{971241A0-ECB1-4053-A1F8-999916E13841}.Debug|Any CPU.Build.0 = Debug|Any CPU
		{971241A0-ECB1-4053-A1F8-999916E13841}.Release|Any CPU.ActiveCfg = Release|Any CPU
		{971241A0-ECB1-4053-A1F8-999916E13841}.Release|Any CPU.Build.0 = Release|Any CPU
		{A1BEE16F-955E-427B-823A-E55990DD251F}.Debug|Any CPU.ActiveCfg = Debug|Any CPU
		{A1BEE16F-955E-427B-823A-E55990DD251F}.Debug|Any CPU.Build.0 = Debug|Any CPU
		{A1BEE16F-955E-427B-823A-E55990DD251F}.Release|Any CPU.ActiveCfg = Release|Any CPU
		{A1BEE16F-955E-427B-823A-E55990DD251F}.Release|Any CPU.Build.0 = Release|Any CPU
		{1A94A50E-06DC-43C1-80B5-B662820EC3EB}.Debug|Any CPU.ActiveCfg = Debug|Any CPU
		{1A94A50E-06DC-43C1-80B5-B662820EC3EB}.Debug|Any CPU.Build.0 = Debug|Any CPU
		{1A94A50E-06DC-43C1-80B5-B662820EC3EB}.Release|Any CPU.ActiveCfg = Release|Any CPU
		{1A94A50E-06DC-43C1-80B5-B662820EC3EB}.Release|Any CPU.Build.0 = Release|Any CPU
		{C956DD76-69C8-4A9C-83EA-D17DF83340FD}.Debug|Any CPU.ActiveCfg = Debug|Any CPU
		{C956DD76-69C8-4A9C-83EA-D17DF83340FD}.Debug|Any CPU.Build.0 = Debug|Any CPU
		{C956DD76-69C8-4A9C-83EA-D17DF83340FD}.Release|Any CPU.ActiveCfg = Release|Any CPU
		{C956DD76-69C8-4A9C-83EA-D17DF83340FD}.Release|Any CPU.Build.0 = Release|Any CPU
		{50B2631D-129C-47B3-A587-029CCD6099BC}.Debug|Any CPU.ActiveCfg = Debug|Any CPU
		{50B2631D-129C-47B3-A587-029CCD6099BC}.Debug|Any CPU.Build.0 = Debug|Any CPU
		{50B2631D-129C-47B3-A587-029CCD6099BC}.Release|Any CPU.ActiveCfg = Release|Any CPU
		{50B2631D-129C-47B3-A587-029CCD6099BC}.Release|Any CPU.Build.0 = Release|Any CPU
		{42F719ED-8413-4895-B5B4-5AB56079BC66}.Debug|Any CPU.ActiveCfg = Debug|Any CPU
		{42F719ED-8413-4895-B5B4-5AB56079BC66}.Debug|Any CPU.Build.0 = Debug|Any CPU
		{42F719ED-8413-4895-B5B4-5AB56079BC66}.Release|Any CPU.ActiveCfg = Release|Any CPU
		{42F719ED-8413-4895-B5B4-5AB56079BC66}.Release|Any CPU.Build.0 = Release|Any CPU
		{520659C8-C734-4298-A3DA-B539DB9DFC0B}.Debug|Any CPU.ActiveCfg = Debug|Any CPU
		{520659C8-C734-4298-A3DA-B539DB9DFC0B}.Debug|Any CPU.Build.0 = Debug|Any CPU
		{520659C8-C734-4298-A3DA-B539DB9DFC0B}.Release|Any CPU.ActiveCfg = Release|Any CPU
		{520659C8-C734-4298-A3DA-B539DB9DFC0B}.Release|Any CPU.Build.0 = Release|Any CPU
		{4164BDF7-F527-4E85-9CE6-E3C2D7426A27}.Debug|Any CPU.ActiveCfg = Debug|Any CPU
		{4164BDF7-F527-4E85-9CE6-E3C2D7426A27}.Debug|Any CPU.Build.0 = Debug|Any CPU
		{4164BDF7-F527-4E85-9CE6-E3C2D7426A27}.Release|Any CPU.ActiveCfg = Release|Any CPU
		{4164BDF7-F527-4E85-9CE6-E3C2D7426A27}.Release|Any CPU.Build.0 = Release|Any CPU
		{3B5A0094-670D-4BB1-BFDD-61B88A8773DC}.Debug|Any CPU.ActiveCfg = Debug|Any CPU
		{3B5A0094-670D-4BB1-BFDD-61B88A8773DC}.Debug|Any CPU.Build.0 = Debug|Any CPU
		{3B5A0094-670D-4BB1-BFDD-61B88A8773DC}.Release|Any CPU.ActiveCfg = Release|Any CPU
		{3B5A0094-670D-4BB1-BFDD-61B88A8773DC}.Release|Any CPU.Build.0 = Release|Any CPU
		{1FE30EB9-74A9-47F5-A9F6-7B1FAB672D81}.Debug|Any CPU.ActiveCfg = Debug|Any CPU
		{1FE30EB9-74A9-47F5-A9F6-7B1FAB672D81}.Debug|Any CPU.Build.0 = Debug|Any CPU
		{1FE30EB9-74A9-47F5-A9F6-7B1FAB672D81}.Release|Any CPU.ActiveCfg = Release|Any CPU
		{1FE30EB9-74A9-47F5-A9F6-7B1FAB672D81}.Release|Any CPU.Build.0 = Release|Any CPU
		{91853F21-9CD9-4132-BC29-A7D5D84FFFE7}.Debug|Any CPU.ActiveCfg = Debug|Any CPU
		{91853F21-9CD9-4132-BC29-A7D5D84FFFE7}.Debug|Any CPU.Build.0 = Debug|Any CPU
		{91853F21-9CD9-4132-BC29-A7D5D84FFFE7}.Release|Any CPU.ActiveCfg = Release|Any CPU
		{91853F21-9CD9-4132-BC29-A7D5D84FFFE7}.Release|Any CPU.Build.0 = Release|Any CPU
		{E512F4D9-9375-480F-A2F6-A46509F9D824}.Debug|Any CPU.ActiveCfg = Debug|Any CPU
		{E512F4D9-9375-480F-A2F6-A46509F9D824}.Debug|Any CPU.Build.0 = Debug|Any CPU
		{E512F4D9-9375-480F-A2F6-A46509F9D824}.Release|Any CPU.ActiveCfg = Release|Any CPU
		{E512F4D9-9375-480F-A2F6-A46509F9D824}.Release|Any CPU.Build.0 = Release|Any CPU
		{EF480016-9127-4916-8735-D2466BDBC582}.Debug|Any CPU.ActiveCfg = Debug|Any CPU
		{EF480016-9127-4916-8735-D2466BDBC582}.Debug|Any CPU.Build.0 = Debug|Any CPU
		{EF480016-9127-4916-8735-D2466BDBC582}.Release|Any CPU.ActiveCfg = Release|Any CPU
		{EF480016-9127-4916-8735-D2466BDBC582}.Release|Any CPU.Build.0 = Release|Any CPU
		{AA94D832-1CCC-4715-95A9-A483F23A1A5D}.Debug|Any CPU.ActiveCfg = Debug|Any CPU
		{AA94D832-1CCC-4715-95A9-A483F23A1A5D}.Debug|Any CPU.Build.0 = Debug|Any CPU
		{AA94D832-1CCC-4715-95A9-A483F23A1A5D}.Release|Any CPU.ActiveCfg = Release|Any CPU
		{AA94D832-1CCC-4715-95A9-A483F23A1A5D}.Release|Any CPU.Build.0 = Release|Any CPU
		{16F0BF4E-7D73-4278-8D9A-7CDE37105C6B}.Debug|Any CPU.ActiveCfg = Debug|Any CPU
		{16F0BF4E-7D73-4278-8D9A-7CDE37105C6B}.Debug|Any CPU.Build.0 = Debug|Any CPU
		{16F0BF4E-7D73-4278-8D9A-7CDE37105C6B}.Release|Any CPU.ActiveCfg = Release|Any CPU
		{16F0BF4E-7D73-4278-8D9A-7CDE37105C6B}.Release|Any CPU.Build.0 = Release|Any CPU
		{B8F1D507-A7CC-4576-BFB4-92925DCE79E6}.Debug|Any CPU.ActiveCfg = Debug|Any CPU
		{B8F1D507-A7CC-4576-BFB4-92925DCE79E6}.Debug|Any CPU.Build.0 = Debug|Any CPU
		{B8F1D507-A7CC-4576-BFB4-92925DCE79E6}.Release|Any CPU.ActiveCfg = Release|Any CPU
		{B8F1D507-A7CC-4576-BFB4-92925DCE79E6}.Release|Any CPU.Build.0 = Release|Any CPU
		{F22E8C56-EF8E-4FCA-883E-240E303DAE4A}.Debug|Any CPU.ActiveCfg = Debug|Any CPU
		{F22E8C56-EF8E-4FCA-883E-240E303DAE4A}.Debug|Any CPU.Build.0 = Debug|Any CPU
		{F22E8C56-EF8E-4FCA-883E-240E303DAE4A}.Release|Any CPU.ActiveCfg = Release|Any CPU
		{F22E8C56-EF8E-4FCA-883E-240E303DAE4A}.Release|Any CPU.Build.0 = Release|Any CPU
	EndGlobalSection
	GlobalSection(SolutionProperties) = preSolution
		HideSolutionNode = FALSE
	EndGlobalSection
	GlobalSection(NestedProjects) = preSolution
		{554AD327-6DBA-4F8F-96F8-81CE7A0C863F} = {CA9AC87F-097E-4F15-8393-4BC07735A5B0}
		{67024327-35DE-4AE1-9C79-03E93CFC807B} = {E366D288-D98E-4DB1-952D-44F55CF7FD58}
		{80918CFC-6A5D-427C-B269-03D6391A1F2C} = {E366D288-D98E-4DB1-952D-44F55CF7FD58}
		{8C0E568F-CDB2-4FB8-AEB5-4065253EE3EC} = {E366D288-D98E-4DB1-952D-44F55CF7FD58}
		{09251293-5E49-420E-BB4F-E7303CBC275D} = {E366D288-D98E-4DB1-952D-44F55CF7FD58}
		{810A04A8-3F02-442D-AD55-5065970B346E} = {E366D288-D98E-4DB1-952D-44F55CF7FD58}
		{BDEBEC13-7A85-4876-ABDF-8E67CE2891AC} = {EB85199C-6D23-40E7-B516-BCB75ADCBFD8}
		{D9AA01E7-73B1-4029-950B-CF582357F387} = {EB85199C-6D23-40E7-B516-BCB75ADCBFD8}
		{211B4983-2877-4D2D-8078-1B0985833CE0} = {EB85199C-6D23-40E7-B516-BCB75ADCBFD8}
		{76DD9772-725A-4F34-B019-64898081E3E0} = {EB85199C-6D23-40E7-B516-BCB75ADCBFD8}
		{49EAED60-51F2-414F-B3F9-06646EB62A64} = {EB85199C-6D23-40E7-B516-BCB75ADCBFD8}
		{EAC76134-E3D9-4D5C-95AF-601B206386FE} = {EB85199C-6D23-40E7-B516-BCB75ADCBFD8}
		{185BAD01-1E74-4FB3-937C-58D29A6AA94A} = {EB85199C-6D23-40E7-B516-BCB75ADCBFD8}
		{D0D5812B-FA0F-4C43-9542-C5FD5366EC52} = {EB85199C-6D23-40E7-B516-BCB75ADCBFD8}
		{69DB3605-4C59-4247-B79A-E2A46A0FD3E5} = {EB85199C-6D23-40E7-B516-BCB75ADCBFD8}
		{DD515780-6266-4F3F-B4E5-612B0F50D8DF} = {EB85199C-6D23-40E7-B516-BCB75ADCBFD8}
		{E366D288-D98E-4DB1-952D-44F55CF7FD58} = {04DBDB01-70F4-4E06-B468-8F87850B22BE}
		{EB85199C-6D23-40E7-B516-BCB75ADCBFD8} = {285E98F3-20E4-49B3-B3B7-66B1F6B1E961}
		{0E4F077F-AA11-427C-920F-A0F5A114CC87} = {B9444400-DA6C-4B7D-AFE6-A58F73FEEB3B}
		{590B40EF-838D-4D17-AE75-81248EC30F16} = {B9444400-DA6C-4B7D-AFE6-A58F73FEEB3B}
		{CA896CDE-D6C9-4EF3-B96C-1BDA2DA3CE2E} = {B9444400-DA6C-4B7D-AFE6-A58F73FEEB3B}
		{09AFD53D-A539-4318-A403-7BBBFD7D748D} = {B9444400-DA6C-4B7D-AFE6-A58F73FEEB3B}
		{35D5F8F7-DA9A-4E0C-96DC-DF87171C1A14} = {B9444400-DA6C-4B7D-AFE6-A58F73FEEB3B}
		{1B8152DF-D226-4990-AB69-659FB0310F51} = {1871F5F6-B508-4B48-A85C-8A59BA2A7CC5}
		{4FF27BB8-24F5-4931-80F9-280F17AA388E} = {1871F5F6-B508-4B48-A85C-8A59BA2A7CC5}
		{CA5FAD06-D868-409E-BF5E-D22AAD622070} = {1871F5F6-B508-4B48-A85C-8A59BA2A7CC5}
		{34B3FD63-0A70-4D62-87C3-9AF613B2B066} = {1871F5F6-B508-4B48-A85C-8A59BA2A7CC5}
		{39CB2420-0A5E-40DD-8A64-FC9D1C3AA62D} = {1871F5F6-B508-4B48-A85C-8A59BA2A7CC5}
		{2A40FF51-A2D7-45E2-8F40-DD4553C015E9} = {1871F5F6-B508-4B48-A85C-8A59BA2A7CC5}
		{47E9F298-0691-4D29-96E1-302753BA5469} = {1871F5F6-B508-4B48-A85C-8A59BA2A7CC5}
		{948CD64E-44DD-41FD-BD09-06F6CDB3D4F2} = {1871F5F6-B508-4B48-A85C-8A59BA2A7CC5}
		{971241A0-ECB1-4053-A1F8-999916E13841} = {1871F5F6-B508-4B48-A85C-8A59BA2A7CC5}
		{A1BEE16F-955E-427B-823A-E55990DD251F} = {1871F5F6-B508-4B48-A85C-8A59BA2A7CC5}
		{B9444400-DA6C-4B7D-AFE6-A58F73FEEB3B} = {04DBDB01-70F4-4E06-B468-8F87850B22BE}
		{1871F5F6-B508-4B48-A85C-8A59BA2A7CC5} = {285E98F3-20E4-49B3-B3B7-66B1F6B1E961}
		{1A94A50E-06DC-43C1-80B5-B662820EC3EB} = {CA9AC87F-097E-4F15-8393-4BC07735A5B0}
		{C956DD76-69C8-4A9C-83EA-D17DF83340FD} = {CA9AC87F-097E-4F15-8393-4BC07735A5B0}
		{50B2631D-129C-47B3-A587-029CCD6099BC} = {04DBDB01-70F4-4E06-B468-8F87850B22BE}
		{42F719ED-8413-4895-B5B4-5AB56079BC66} = {CA9AC87F-097E-4F15-8393-4BC07735A5B0}
		{520659C8-C734-4298-A3DA-B539DB9DFC0B} = {CA9AC87F-097E-4F15-8393-4BC07735A5B0}
		{4164BDF7-F527-4E85-9CE6-E3C2D7426A27} = {CA9AC87F-097E-4F15-8393-4BC07735A5B0}
		{3B5A0094-670D-4BB1-BFDD-61B88A8773DC} = {CA9AC87F-097E-4F15-8393-4BC07735A5B0}
		{1FE30EB9-74A9-47F5-A9F6-7B1FAB672D81} = {04DBDB01-70F4-4E06-B468-8F87850B22BE}
		{91853F21-9CD9-4132-BC29-A7D5D84FFFE7} = {04DBDB01-70F4-4E06-B468-8F87850B22BE}
		{E512F4D9-9375-480F-A2F6-A46509F9D824} = {04DBDB01-70F4-4E06-B468-8F87850B22BE}
		{EF480016-9127-4916-8735-D2466BDBC582} = {04DBDB01-70F4-4E06-B468-8F87850B22BE}
		{AA94D832-1CCC-4715-95A9-A483F23A1A5D} = {CA9AC87F-097E-4F15-8393-4BC07735A5B0}
		{16F0BF4E-7D73-4278-8D9A-7CDE37105C6B} = {CA9AC87F-097E-4F15-8393-4BC07735A5B0}
		{B8F1D507-A7CC-4576-BFB4-92925DCE79E6} = {285E98F3-20E4-49B3-B3B7-66B1F6B1E961}
		{F22E8C56-EF8E-4FCA-883E-240E303DAE4A} = {285E98F3-20E4-49B3-B3B7-66B1F6B1E961}
	EndGlobalSection
	GlobalSection(ExtensibilityGlobals) = postSolution
		SolutionGuid = {28315BFD-90E7-4E14-A2EA-F3D23AF4126F}
	EndGlobalSection
EndGlobal
